
Microsoft Visual Studio Solution File, Format Version 12.00
# Visual Studio Version 16
VisualStudioVersion = 16.0.29521.150
MinimumVisualStudioVersion = 10.0.40219.1
Project("{FAE04EC0-301F-11D3-BF4B-00C04F79EFBC}") = "AntimatterAnnihilation", "AntimatterAnnihilation\AntimatterAnnihilation.csproj", "{B91D0E3B-09E7-44A7-9FEC-112A0B5DAFB4}"
EndProject
Global
	GlobalSection(SolutionConfigurationPlatforms) = preSolution
		Debug|Any CPU = Debug|Any CPU
		Release|Any CPU = Release|Any CPU
	EndGlobalSection
	GlobalSection(ProjectConfigurationPlatforms) = postSolution
		{B91D0E3B-09E7-44A7-9FEC-112A0B5DAFB4}.Debug|Any CPU.ActiveCfg = Debug|Any CPU
		{B91D0E3B-09E7-44A7-9FEC-112A0B5DAFB4}.Debug|Any CPU.Build.0 = Debug|Any CPU
		{B91D0E3B-09E7-44A7-9FEC-112A0B5DAFB4}.Release|Any CPU.ActiveCfg = Release|Any CPU
		{B91D0E3B-09E7-44A7-9FEC-112A0B5DAFB4}.Release|Any CPU.Build.0 = Release|Any CPU
	EndGlobalSection
	GlobalSection(SolutionProperties) = preSolution
		HideSolutionNode = FALSE
	EndGlobalSection
	GlobalSection(ExtensibilityGlobals) = postSolution
		SolutionGuid = {2FCA64C0-9B6D-4ABB-B2B2-58DE5AA78843}
	EndGlobalSection
EndGlobal
